
Microsoft Visual Studio Solution File, Format Version 12.00
# Visual Studio Version 16
VisualStudioVersion = 16.0.30002.166
MinimumVisualStudioVersion = 10.0.40219.1
Project("{9A19103F-16F7-4668-BE54-9A1E7A4F7556}") = "DataAccess", "..\DataAccess\DataAccess.csproj", "{1DA36101-3A4A-40FF-BEE0-550CF2870A81}"
EndProject
Project("{9A19103F-16F7-4668-BE54-9A1E7A4F7556}") = "BugTriage", "BugTriage.csproj", "{13815076-17CE-4751-A153-F33DA8C68864}"
EndProject
Global
	GlobalSection(SolutionConfigurationPlatforms) = preSolution
		Debug|Any CPU = Debug|Any CPU
		Release|Any CPU = Release|Any CPU
	EndGlobalSection
	GlobalSection(ProjectConfigurationPlatforms) = postSolution
		{1DA36101-3A4A-40FF-BEE0-550CF2870A81}.Debug|Any CPU.ActiveCfg = Debug|Any CPU
		{1DA36101-3A4A-40FF-BEE0-550CF2870A81}.Debug|Any CPU.Build.0 = Debug|Any CPU
		{1DA36101-3A4A-40FF-BEE0-550CF2870A81}.Release|Any CPU.ActiveCfg = Release|Any CPU
		{1DA36101-3A4A-40FF-BEE0-550CF2870A81}.Release|Any CPU.Build.0 = Release|Any CPU
		{13815076-17CE-4751-A153-F33DA8C68864}.Debug|Any CPU.ActiveCfg = Debug|Any CPU
		{13815076-17CE-4751-A153-F33DA8C68864}.Debug|Any CPU.Build.0 = Debug|Any CPU
		{13815076-17CE-4751-A153-F33DA8C68864}.Release|Any CPU.ActiveCfg = Release|Any CPU
		{13815076-17CE-4751-A153-F33DA8C68864}.Release|Any CPU.Build.0 = Release|Any CPU
	EndGlobalSection
	GlobalSection(SolutionProperties) = preSolution
		HideSolutionNode = FALSE
	EndGlobalSection
	GlobalSection(ExtensibilityGlobals) = postSolution
		SolutionGuid = {BC9163BC-7756-4A5C-86AD-FE6F31610894}
	EndGlobalSection
EndGlobal
